
Microsoft Visual Studio Solution File, Format Version 10.00
# Visual Studio 2008
Project("{F184B08F-C81C-45F6-A57F-5ABD9991F28F}") = "softwareMech", "softwareMech.vbproj", "{202AA157-2689-48C7-B3C0-3D10C4E3783A}"
EndProject
Global
	GlobalSection(SolutionConfigurationPlatforms) = preSolution
		Debug|Any CPU = Debug|Any CPU
		Release|Any CPU = Release|Any CPU
	EndGlobalSection
	GlobalSection(ProjectConfigurationPlatforms) = postSolution
		{202AA157-2689-48C7-B3C0-3D10C4E3783A}.Debug|Any CPU.ActiveCfg = Debug|Any CPU
		{202AA157-2689-48C7-B3C0-3D10C4E3783A}.Debug|Any CPU.Build.0 = Debug|Any CPU
		{202AA157-2689-48C7-B3C0-3D10C4E3783A}.Release|Any CPU.ActiveCfg = Release|Any CPU
		{202AA157-2689-48C7-B3C0-3D10C4E3783A}.Release|Any CPU.Build.0 = Release|Any CPU
	EndGlobalSection
	GlobalSection(SolutionProperties) = preSolution
		HideSolutionNode = FALSE
	EndGlobalSection
EndGlobal
